
Microsoft Visual Studio Solution File, Format Version 12.00
# Visual Studio Version 16
VisualStudioVersion = 16.0.31702.278
MinimumVisualStudioVersion = 10.0.40219.1
Project("{9A19103F-16F7-4668-BE54-9A1E7A4F7556}") = "IoT1030-ParticleSimulationLab", "IoT1030-ParticleSimulationLab\IoT1030-ParticleSimulationLab.csproj", "{477CF8B5-970D-4664-9608-501C02E4C9EB}"
EndProject
Project("{9A19103F-16F7-4668-BE54-9A1E7A4F7556}") = "PsimUnitTests", "Geometry2DUnitTests\PsimUnitTests.csproj", "{0DC53EB4-4C14-42AA-8F91-5154F5E94BAB}"
EndProject
Global
	GlobalSection(SolutionConfigurationPlatforms) = preSolution
		Debug|Any CPU = Debug|Any CPU
		Release|Any CPU = Release|Any CPU
	EndGlobalSection
	GlobalSection(ProjectConfigurationPlatforms) = postSolution
		{477CF8B5-970D-4664-9608-501C02E4C9EB}.Debug|Any CPU.ActiveCfg = Debug|Any CPU
		{477CF8B5-970D-4664-9608-501C02E4C9EB}.Debug|Any CPU.Build.0 = Debug|Any CPU
		{477CF8B5-970D-4664-9608-501C02E4C9EB}.Release|Any CPU.ActiveCfg = Release|Any CPU
		{477CF8B5-970D-4664-9608-501C02E4C9EB}.Release|Any CPU.Build.0 = Release|Any CPU
		{0DC53EB4-4C14-42AA-8F91-5154F5E94BAB}.Debug|Any CPU.ActiveCfg = Debug|Any CPU
		{0DC53EB4-4C14-42AA-8F91-5154F5E94BAB}.Debug|Any CPU.Build.0 = Debug|Any CPU
		{0DC53EB4-4C14-42AA-8F91-5154F5E94BAB}.Release|Any CPU.ActiveCfg = Release|Any CPU
		{0DC53EB4-4C14-42AA-8F91-5154F5E94BAB}.Release|Any CPU.Build.0 = Release|Any CPU
	EndGlobalSection
	GlobalSection(SolutionProperties) = preSolution
		HideSolutionNode = FALSE
	EndGlobalSection
	GlobalSection(ExtensibilityGlobals) = postSolution
		SolutionGuid = {D1F1780A-8000-4E40-8FCE-3B71EEB66F66}
	EndGlobalSection
EndGlobal
